{
  "name": "template-hello-world",
  "lockfileVersion": 3,
  "requires": true,
  "packages": {
    "": {
      "dependencies": {
        "@from-static/generator-hello-world": "^1.0.2"
      }
    },
    "node_modules/@from-static/generator-hello-world": {
      "version": "1.0.2",
      "resolved": "https://registry.npmjs.org/@from-static/generator-hello-world/-/generator-hello-world-1.0.2.tgz",
      "integrity": "sha512-vY+undUb2gzTNf6yVyezbNBog3r4EvkIHyZ3ZKjDPnDZhu0aAewcan4ye2ng45WE30psntiFUBvN7bFp8Bstwg=="
    }
  }
}
