{
  "name": "template-hello-world",
  "lockfileVersion": 3,
  "requires": true,
  "packages": {
    "": {
      "dependencies": {
        "@from-static/generator-hello-world": "^1.0.3"
      }
    },
    "node_modules/@from-static/generator-hello-world": {
      "version": "1.0.3",
      "resolved": "https://registry.npmjs.org/@from-static/generator-hello-world/-/generator-hello-world-1.0.3.tgz",
      "integrity": "sha512-b/Yyx4ZxxzGvRH5HPHuyqsp77fpz0XhtAMWnA+cGzYgg2o/z6NqNwK7cY3ccZgOmU2+z/IDEGgsvaVbUnCIxwQ=="
    }
  }
}
