{
  "name": "template-hello-world",
  "lockfileVersion": 3,
  "requires": true,
  "packages": {
    "": {
      "dependencies": {
        "@from-static/generator-hello-world": "^1.0.0"
      }
    },
    "node_modules/@from-static/generator-hello-world": {
      "version": "1.0.0",
      "resolved": "https://registry.npmjs.org/@from-static/generator-hello-world/-/generator-hello-world-1.0.0.tgz",
      "integrity": "sha512-NH3zqcsYBU4EDYWc2qdfAs/Thw99cpUCSswNog5vt5IMLILF6xV2jYGZ+J9Z07b8cSHYWu5DWkzWRe9xYb4HVA=="
    }
  }
}
